
Microsoft Visual Studio Solution File, Format Version 12.00
# Visual Studio Version 16
VisualStudioVersion = 16.0.30804.86
MinimumVisualStudioVersion = 10.0.40219.1
Project("{2150E333-8FDC-42A3-9474-1A3956D46DE8}") = "src", "src", "{108A7BD4-9BA1-4991-8CA1-DDD28240FD20}"
EndProject
Project("{2150E333-8FDC-42A3-9474-1A3956D46DE8}") = "tests", "tests", "{29828F9D-0B64-46D5-855D-383580E33FEE}"
EndProject
Project("{2150E333-8FDC-42A3-9474-1A3956D46DE8}") = "API", "API", "{D56E6FE5-D67A-4727-ACA1-5263A819C05C}"
EndProject
Project("{2150E333-8FDC-42A3-9474-1A3956D46DE8}") = "Core", "Core", "{DCCE4143-4452-4228-9F2E-95CB6C170D77}"
EndProject
Project("{2150E333-8FDC-42A3-9474-1A3956D46DE8}") = "Infrastructure", "Infrastructure", "{363AE8DC-4058-4796-B54E-2A11219D1B6F}"
EndProject
Project("{2150E333-8FDC-42A3-9474-1A3956D46DE8}") = "UI", "UI", "{247C3D90-08AC-42E2-BC9F-1F4AE025AA98}"
EndProject
Project("{FAE04EC0-301F-11D3-BF4B-00C04F79EFBC}") = "HR.LeaveManagement.Domain", "HR.LeaveManagement.Domain\HR.LeaveManagement.Domain.csproj", "{8FFC9189-5863-4811-A20D-226F70302417}"
EndProject
Project("{FAE04EC0-301F-11D3-BF4B-00C04F79EFBC}") = "HR.LeaveManagement.Application", "HR.LeaveManagement.Application\HR.LeaveManagement.Application.csproj", "{F09D0D4B-6A42-440F-B7F7-666757D5E937}"
EndProject
Global
	GlobalSection(SolutionConfigurationPlatforms) = preSolution
		Debug|Any CPU = Debug|Any CPU
		Release|Any CPU = Release|Any CPU
	EndGlobalSection
	GlobalSection(ProjectConfigurationPlatforms) = postSolution
		{8FFC9189-5863-4811-A20D-226F70302417}.Debug|Any CPU.ActiveCfg = Debug|Any CPU
		{8FFC9189-5863-4811-A20D-226F70302417}.Debug|Any CPU.Build.0 = Debug|Any CPU
		{8FFC9189-5863-4811-A20D-226F70302417}.Release|Any CPU.ActiveCfg = Release|Any CPU
		{8FFC9189-5863-4811-A20D-226F70302417}.Release|Any CPU.Build.0 = Release|Any CPU
		{F09D0D4B-6A42-440F-B7F7-666757D5E937}.Debug|Any CPU.ActiveCfg = Debug|Any CPU
		{F09D0D4B-6A42-440F-B7F7-666757D5E937}.Debug|Any CPU.Build.0 = Debug|Any CPU
		{F09D0D4B-6A42-440F-B7F7-666757D5E937}.Release|Any CPU.ActiveCfg = Release|Any CPU
		{F09D0D4B-6A42-440F-B7F7-666757D5E937}.Release|Any CPU.Build.0 = Release|Any CPU
	EndGlobalSection
	GlobalSection(SolutionProperties) = preSolution
		HideSolutionNode = FALSE
	EndGlobalSection
	GlobalSection(NestedProjects) = preSolution
		{D56E6FE5-D67A-4727-ACA1-5263A819C05C} = {108A7BD4-9BA1-4991-8CA1-DDD28240FD20}
		{DCCE4143-4452-4228-9F2E-95CB6C170D77} = {108A7BD4-9BA1-4991-8CA1-DDD28240FD20}
		{363AE8DC-4058-4796-B54E-2A11219D1B6F} = {108A7BD4-9BA1-4991-8CA1-DDD28240FD20}
		{247C3D90-08AC-42E2-BC9F-1F4AE025AA98} = {108A7BD4-9BA1-4991-8CA1-DDD28240FD20}
		{8FFC9189-5863-4811-A20D-226F70302417} = {DCCE4143-4452-4228-9F2E-95CB6C170D77}
		{F09D0D4B-6A42-440F-B7F7-666757D5E937} = {DCCE4143-4452-4228-9F2E-95CB6C170D77}
	EndGlobalSection
	GlobalSection(ExtensibilityGlobals) = postSolution
		SolutionGuid = {ED7653D9-3393-461F-91CC-CD4C9EB254BE}
	EndGlobalSection
EndGlobal
